{
  "requires": true,
  "lockfileVersion": 1,
  "dependencies": {
    "odometer": {
      "version": "0.4.8",
      "resolved": "https://registry.npmjs.org/odometer/-/odometer-0.4.8.tgz",
      "integrity": "sha1-L2cDv0xrOEwngjbQTUvIFxq+Q3Q="
    },
    "react-odometerjs": {
      "version": "2.1.1",
      "resolved": "https://registry.npmjs.org/react-odometerjs/-/react-odometerjs-2.1.1.tgz",
      "integrity": "sha512-LG48u0Jzysg+bwEhJ+Dyxo13vW/R9dYXetZmeZeM6FM52e76wt9FxG6ofKYZpcZxM3ytMfLmLDlVnOCKfAGnCQ==",
      "requires": {
        "odometer": "^0.4.8"
      }
    }
  }
}
